
Microsoft Visual Studio Solution File, Format Version 12.00
# Visual Studio Version 17
VisualStudioVersion = 17.9.34723.18
MinimumVisualStudioVersion = 10.0.40219.1
Project("{2150E333-8FDC-42A3-9474-1A3956D46DE8}") = "Services", "Services", "{DF30C6F2-E23C-444F-AF44-9C3A46CDEDF8}"
EndProject
Project("{2150E333-8FDC-42A3-9474-1A3956D46DE8}") = "Catalog", "Catalog", "{D04027E1-2415-44C4-8FAA-17F143B26C6E}"
EndProject
Project("{9A19103F-16F7-4668-BE54-9A1E7A4F7556}") = "Catalog.API", "Services\Catalog\Catalog.API\Catalog.API.csproj", "{763C2EDA-309D-4322-A52E-1455ED632C84}"
EndProject
Project("{9A19103F-16F7-4668-BE54-9A1E7A4F7556}") = "BuildingBlocks", "BuildingBlocs\BuildingBlocks\BuildingBlocks.csproj", "{B724502B-DB09-4E76-BEE5-7F9B2CDC6905}"
EndProject
Project("{E53339B2-1760-4266-BCC7-CA923CBCF16C}") = "docker-compose", "docker-compose.dcproj", "{6F5AA639-A8A3-4F45-B624-017A878BD7E6}"
EndProject
Project("{2150E333-8FDC-42A3-9474-1A3956D46DE8}") = "Basket", "Basket", "{88A95E2D-FF47-4911-9371-4E68196A5DE2}"
EndProject
Project("{9A19103F-16F7-4668-BE54-9A1E7A4F7556}") = "Basket.API", "Services\Basket\Basket.API\Basket.API.csproj", "{B5E4DAAE-0305-4EC7-AF0F-A0121E1E3047}"
EndProject
Project("{2150E333-8FDC-42A3-9474-1A3956D46DE8}") = "Discount", "Discount", "{39A6B868-9367-4EB8-B6C8-ADE636C7DEFF}"
EndProject
Project("{FAE04EC0-301F-11D3-BF4B-00C04F79EFBC}") = "Discount.Grpc", "Services\Discount\Discount.Grpc\Discount.Grpc.csproj", "{3A76DED9-B144-4690-A28C-78503029BC3D}"
EndProject
Global
	GlobalSection(SolutionConfigurationPlatforms) = preSolution
		Debug|Any CPU = Debug|Any CPU
		Release|Any CPU = Release|Any CPU
	EndGlobalSection
	GlobalSection(ProjectConfigurationPlatforms) = postSolution
		{763C2EDA-309D-4322-A52E-1455ED632C84}.Debug|Any CPU.ActiveCfg = Debug|Any CPU
		{763C2EDA-309D-4322-A52E-1455ED632C84}.Debug|Any CPU.Build.0 = Debug|Any CPU
		{763C2EDA-309D-4322-A52E-1455ED632C84}.Release|Any CPU.ActiveCfg = Release|Any CPU
		{763C2EDA-309D-4322-A52E-1455ED632C84}.Release|Any CPU.Build.0 = Release|Any CPU
		{B724502B-DB09-4E76-BEE5-7F9B2CDC6905}.Debug|Any CPU.ActiveCfg = Debug|Any CPU
		{B724502B-DB09-4E76-BEE5-7F9B2CDC6905}.Debug|Any CPU.Build.0 = Debug|Any CPU
		{B724502B-DB09-4E76-BEE5-7F9B2CDC6905}.Release|Any CPU.ActiveCfg = Release|Any CPU
		{B724502B-DB09-4E76-BEE5-7F9B2CDC6905}.Release|Any CPU.Build.0 = Release|Any CPU
		{6F5AA639-A8A3-4F45-B624-017A878BD7E6}.Debug|Any CPU.ActiveCfg = Debug|Any CPU
		{6F5AA639-A8A3-4F45-B624-017A878BD7E6}.Debug|Any CPU.Build.0 = Debug|Any CPU
		{6F5AA639-A8A3-4F45-B624-017A878BD7E6}.Release|Any CPU.ActiveCfg = Release|Any CPU
		{6F5AA639-A8A3-4F45-B624-017A878BD7E6}.Release|Any CPU.Build.0 = Release|Any CPU
		{B5E4DAAE-0305-4EC7-AF0F-A0121E1E3047}.Debug|Any CPU.ActiveCfg = Debug|Any CPU
		{B5E4DAAE-0305-4EC7-AF0F-A0121E1E3047}.Debug|Any CPU.Build.0 = Debug|Any CPU
		{B5E4DAAE-0305-4EC7-AF0F-A0121E1E3047}.Release|Any CPU.ActiveCfg = Release|Any CPU
		{B5E4DAAE-0305-4EC7-AF0F-A0121E1E3047}.Release|Any CPU.Build.0 = Release|Any CPU
		{3A76DED9-B144-4690-A28C-78503029BC3D}.Debug|Any CPU.ActiveCfg = Debug|Any CPU
		{3A76DED9-B144-4690-A28C-78503029BC3D}.Debug|Any CPU.Build.0 = Debug|Any CPU
		{3A76DED9-B144-4690-A28C-78503029BC3D}.Release|Any CPU.ActiveCfg = Release|Any CPU
		{3A76DED9-B144-4690-A28C-78503029BC3D}.Release|Any CPU.Build.0 = Release|Any CPU
	EndGlobalSection
	GlobalSection(SolutionProperties) = preSolution
		HideSolutionNode = FALSE
	EndGlobalSection
	GlobalSection(NestedProjects) = preSolution
		{D04027E1-2415-44C4-8FAA-17F143B26C6E} = {DF30C6F2-E23C-444F-AF44-9C3A46CDEDF8}
		{763C2EDA-309D-4322-A52E-1455ED632C84} = {D04027E1-2415-44C4-8FAA-17F143B26C6E}
		{88A95E2D-FF47-4911-9371-4E68196A5DE2} = {DF30C6F2-E23C-444F-AF44-9C3A46CDEDF8}
		{B5E4DAAE-0305-4EC7-AF0F-A0121E1E3047} = {88A95E2D-FF47-4911-9371-4E68196A5DE2}
		{39A6B868-9367-4EB8-B6C8-ADE636C7DEFF} = {DF30C6F2-E23C-444F-AF44-9C3A46CDEDF8}
		{3A76DED9-B144-4690-A28C-78503029BC3D} = {39A6B868-9367-4EB8-B6C8-ADE636C7DEFF}
	EndGlobalSection
	GlobalSection(ExtensibilityGlobals) = postSolution
		SolutionGuid = {1CA7E67A-ED95-4A7A-8DBF-C58021A299EC}
	EndGlobalSection
EndGlobal
